{
  "version": 4,
  "terraform_version": "1.9.3",
  "serial": 14,
  "lineage": "0040987d-431a-6731-02eb-f264452dbfcf",
  "outputs": {
    "nginx": {
      "value": "/var/lib/docker/volumes/shared_volume/_data",
      "type": "string"
    },
    "nginx_host": {
      "value": [
        "nginx_1",
        "nginx_2",
        "nginx_3"
      ],
      "type": [
        "list",
        "string"
      ]
    }
  },
  "resources": [
    {
      "mode": "managed",
      "type": "docker_container",
      "name": "nginx",
      "provider": "provider[\"registry.terraform.io/kreuzwerker/docker\"]",
      "instances": [
        {
          "index_key": 0,
          "schema_version": 2,
          "attributes": {
            "attach": false,
            "bridge": "",
            "capabilities": [],
            "cgroupns_mode": null,
            "command": [
              "nginx",
              "-g",
              "daemon off;"
            ],
            "container_logs": null,
            "container_read_refresh_timeout_milliseconds": 15000,
            "cpu_set": "",
            "cpu_shares": 0,
            "destroy_grace_seconds": null,
            "devices": [],
            "dns": null,
            "dns_opts": null,
            "dns_search": null,
            "domainname": "",
            "entrypoint": [
              "/docker-entrypoint.sh"
            ],
            "env": [],
            "exit_code": null,
            "gpus": null,
            "group_add": null,
            "healthcheck": null,
            "host": [],
            "hostname": "cb36cac398eb",
            "id": "cb36cac398eb8aa42d33780d5a7e97e8ef5e527ecc389a9c36dcdb23859feb30",
            "image": "sha256:5ef79149e0ec84a7a9f9284c3f91aa3c20608f8391f5445eabe92ef07dbda03c",
            "init": false,
            "ipc_mode": "private",
            "labels": [],
            "log_driver": "json-file",
            "log_opts": null,
            "logs": false,
            "max_retry_count": 0,
            "memory": 0,
            "memory_swap": 0,
            "mounts": [],
            "must_run": true,
            "name": "nginx-nginx_1",
            "network_data": [
              {
                "gateway": "172.17.0.1",
                "global_ipv6_address": "",
                "global_ipv6_prefix_length": 0,
                "ip_address": "172.17.0.2",
                "ip_prefix_length": 16,
                "ipv6_gateway": "",
                "mac_address": "02:42:ac:11:00:02",
                "network_name": "bridge"
              }
            ],
            "network_mode": "default",
            "networks_advanced": [],
            "pid_mode": "",
            "ports": [
              {
                "external": 8081,
                "internal": 80,
                "ip": "0.0.0.0",
                "protocol": "tcp"
              }
            ],
            "privileged": false,
            "publish_all_ports": false,
            "read_only": false,
            "remove_volumes": true,
            "restart": "no",
            "rm": false,
            "runtime": "runc",
            "security_opts": [],
            "shm_size": 64,
            "start": true,
            "stdin_open": false,
            "stop_signal": "SIGQUIT",
            "stop_timeout": 0,
            "storage_opts": null,
            "sysctls": null,
            "tmpfs": null,
            "tty": false,
            "ulimit": [],
            "upload": [],
            "user": "",
            "userns_mode": "",
            "volumes": [
              {
                "container_path": "/usr/local/nginx/conf",
                "from_container": "",
                "host_path": "",
                "read_only": false,
                "volume_name": "shared_volume"
              }
            ],
            "wait": false,
            "wait_timeout": 60,
            "working_dir": ""
          },
          "sensitive_attributes": [],
          "private": "eyJzY2hlbWFfdmVyc2lvbiI6IjIifQ==",
          "dependencies": [
            "docker_image.nginx",
            "docker_volume.shared_volume"
          ]
        },
        {
          "index_key": 1,
          "status": "tainted",
          "schema_version": 2,
          "attributes": {
            "attach": false,
            "bridge": null,
            "capabilities": [],
            "cgroupns_mode": null,
            "command": null,
            "container_logs": null,
            "container_read_refresh_timeout_milliseconds": 15000,
            "cpu_set": null,
            "cpu_shares": null,
            "destroy_grace_seconds": null,
            "devices": [],
            "dns": null,
            "dns_opts": null,
            "dns_search": null,
            "domainname": null,
            "entrypoint": null,
            "env": [],
            "exit_code": null,
            "gpus": null,
            "group_add": null,
            "healthcheck": null,
            "host": [],
            "hostname": null,
            "id": "2c83d2064a37d4b5b473a9a0b377111fd05141197ccb841d096b3d1f1ca059ac",
            "image": "sha256:5ef79149e0ec84a7a9f9284c3f91aa3c20608f8391f5445eabe92ef07dbda03c",
            "init": null,
            "ipc_mode": null,
            "labels": [],
            "log_driver": null,
            "log_opts": null,
            "logs": false,
            "max_retry_count": null,
            "memory": null,
            "memory_swap": null,
            "mounts": [],
            "must_run": true,
            "name": "nginx-nginx_2",
            "network_data": null,
            "network_mode": null,
            "networks_advanced": [],
            "pid_mode": null,
            "ports": [
              {
                "external": 8081,
                "internal": 80,
                "ip": "0.0.0.0",
                "protocol": "tcp"
              }
            ],
            "privileged": null,
            "publish_all_ports": null,
            "read_only": false,
            "remove_volumes": true,
            "restart": "no",
            "rm": false,
            "runtime": null,
            "security_opts": [],
            "shm_size": null,
            "start": true,
            "stdin_open": false,
            "stop_signal": null,
            "stop_timeout": null,
            "storage_opts": null,
            "sysctls": null,
            "tmpfs": null,
            "tty": false,
            "ulimit": [],
            "upload": [],
            "user": null,
            "userns_mode": null,
            "volumes": [
              {
                "container_path": "/usr/local/nginx/conf",
                "from_container": "",
                "host_path": "",
                "read_only": false,
                "volume_name": "shared_volume"
              }
            ],
            "wait": false,
            "wait_timeout": 60,
            "working_dir": null
          },
          "sensitive_attributes": [],
          "private": "eyJzY2hlbWFfdmVyc2lvbiI6IjIifQ==",
          "dependencies": [
            "docker_image.nginx",
            "docker_volume.shared_volume"
          ]
        },
        {
          "index_key": 2,
          "status": "tainted",
          "schema_version": 2,
          "attributes": {
            "attach": false,
            "bridge": null,
            "capabilities": [],
            "cgroupns_mode": null,
            "command": null,
            "container_logs": null,
            "container_read_refresh_timeout_milliseconds": 15000,
            "cpu_set": null,
            "cpu_shares": null,
            "destroy_grace_seconds": null,
            "devices": [],
            "dns": null,
            "dns_opts": null,
            "dns_search": null,
            "domainname": null,
            "entrypoint": null,
            "env": [],
            "exit_code": null,
            "gpus": null,
            "group_add": null,
            "healthcheck": null,
            "host": [],
            "hostname": null,
            "id": "bee7edce894a222d9812376c9993441f79dd26b194b4f5c0a018898052d72f0d",
            "image": "sha256:5ef79149e0ec84a7a9f9284c3f91aa3c20608f8391f5445eabe92ef07dbda03c",
            "init": null,
            "ipc_mode": null,
            "labels": [],
            "log_driver": null,
            "log_opts": null,
            "logs": false,
            "max_retry_count": null,
            "memory": null,
            "memory_swap": null,
            "mounts": [],
            "must_run": true,
            "name": "nginx-nginx_3",
            "network_data": null,
            "network_mode": null,
            "networks_advanced": [],
            "pid_mode": null,
            "ports": [
              {
                "external": 8081,
                "internal": 80,
                "ip": "0.0.0.0",
                "protocol": "tcp"
              }
            ],
            "privileged": null,
            "publish_all_ports": null,
            "read_only": false,
            "remove_volumes": true,
            "restart": "no",
            "rm": false,
            "runtime": null,
            "security_opts": [],
            "shm_size": null,
            "start": true,
            "stdin_open": false,
            "stop_signal": null,
            "stop_timeout": null,
            "storage_opts": null,
            "sysctls": null,
            "tmpfs": null,
            "tty": false,
            "ulimit": [],
            "upload": [],
            "user": null,
            "userns_mode": null,
            "volumes": [
              {
                "container_path": "/usr/local/nginx/conf",
                "from_container": "",
                "host_path": "",
                "read_only": false,
                "volume_name": "shared_volume"
              }
            ],
            "wait": false,
            "wait_timeout": 60,
            "working_dir": null
          },
          "sensitive_attributes": [],
          "private": "eyJzY2hlbWFfdmVyc2lvbiI6IjIifQ==",
          "dependencies": [
            "docker_image.nginx",
            "docker_volume.shared_volume"
          ]
        }
      ]
    },
    {
      "mode": "managed",
      "type": "docker_image",
      "name": "nginx",
      "provider": "provider[\"registry.terraform.io/kreuzwerker/docker\"]",
      "instances": [
        {
          "schema_version": 0,
          "attributes": {
            "build": [],
            "force_remove": null,
            "id": "sha256:5ef79149e0ec84a7a9f9284c3f91aa3c20608f8391f5445eabe92ef07dbda03cnginx:latest",
            "image_id": "sha256:5ef79149e0ec84a7a9f9284c3f91aa3c20608f8391f5445eabe92ef07dbda03c",
            "keep_locally": null,
            "name": "nginx:latest",
            "platform": null,
            "pull_triggers": null,
            "repo_digest": "nginx@sha256:447a8665cc1dab95b1ca778e162215839ccbb9189104c79d7ec3a81e14577add",
            "triggers": null
          },
          "sensitive_attributes": [],
          "private": "bnVsbA=="
        }
      ]
    },
    {
      "mode": "managed",
      "type": "docker_volume",
      "name": "shared_volume",
      "provider": "provider[\"registry.terraform.io/kreuzwerker/docker\"]",
      "instances": [
        {
          "schema_version": 1,
          "attributes": {
            "driver": "local",
            "driver_opts": {},
            "id": "shared_volume",
            "labels": [],
            "mountpoint": "/var/lib/docker/volumes/shared_volume/_data",
            "name": "shared_volume"
          },
          "sensitive_attributes": [],
          "private": "eyJzY2hlbWFfdmVyc2lvbiI6IjEifQ=="
        }
      ]
    }
  ],
  "check_results": null
}
